
Microsoft Visual Studio Solution File, Format Version 12.00
# Visual Studio Version 16
VisualStudioVersion = 16.0.31624.102
MinimumVisualStudioVersion = 10.0.40219.1
Project("{FAE04EC0-301F-11D3-BF4B-00C04F79EFBC}") = "WinFormUI", "WinFormUI\WinFormUI.csproj", "{A9C40A70-7031-47C4-BB13-D6B48E8AD055}"
EndProject
Global
	GlobalSection(SolutionConfigurationPlatforms) = preSolution
		Debug|Any CPU = Debug|Any CPU
		Release|Any CPU = Release|Any CPU
	EndGlobalSection
	GlobalSection(ProjectConfigurationPlatforms) = postSolution
		{A9C40A70-7031-47C4-BB13-D6B48E8AD055}.Debug|Any CPU.ActiveCfg = Debug|Any CPU
		{A9C40A70-7031-47C4-BB13-D6B48E8AD055}.Debug|Any CPU.Build.0 = Debug|Any CPU
		{A9C40A70-7031-47C4-BB13-D6B48E8AD055}.Release|Any CPU.ActiveCfg = Release|Any CPU
		{A9C40A70-7031-47C4-BB13-D6B48E8AD055}.Release|Any CPU.Build.0 = Release|Any CPU
	EndGlobalSection
	GlobalSection(SolutionProperties) = preSolution
		HideSolutionNode = FALSE
	EndGlobalSection
	GlobalSection(ExtensibilityGlobals) = postSolution
		SolutionGuid = {38F731CE-4566-4F6A-AA04-35677B6847AB}
	EndGlobalSection
EndGlobal
