
Microsoft Visual Studio Solution File, Format Version 12.00
# Visual Studio Version 16
VisualStudioVersion = 16.0.31624.102
MinimumVisualStudioVersion = 10.0.40219.1
Project("{FAE04EC0-301F-11D3-BF4B-00C04F79EFBC}") = "SampleProject", "SampleProject\SampleProject.csproj", "{AC8771B0-F4E1-4372-8127-61077C93ADD0}"
EndProject
Project("{FAE04EC0-301F-11D3-BF4B-00C04F79EFBC}") = "AnotherSampleProject", "AnotherSampleProject\AnotherSampleProject.csproj", "{7929E806-2ABF-4194-A54F-05938AAB57B6}"
EndProject
Global
	GlobalSection(SolutionConfigurationPlatforms) = preSolution
		Debug|Any CPU = Debug|Any CPU
		Release|Any CPU = Release|Any CPU
	EndGlobalSection
	GlobalSection(ProjectConfigurationPlatforms) = postSolution
		{AC8771B0-F4E1-4372-8127-61077C93ADD0}.Debug|Any CPU.ActiveCfg = Debug|Any CPU
		{AC8771B0-F4E1-4372-8127-61077C93ADD0}.Debug|Any CPU.Build.0 = Debug|Any CPU
		{AC8771B0-F4E1-4372-8127-61077C93ADD0}.Release|Any CPU.ActiveCfg = Release|Any CPU
		{AC8771B0-F4E1-4372-8127-61077C93ADD0}.Release|Any CPU.Build.0 = Release|Any CPU
		{7929E806-2ABF-4194-A54F-05938AAB57B6}.Debug|Any CPU.ActiveCfg = Debug|Any CPU
		{7929E806-2ABF-4194-A54F-05938AAB57B6}.Debug|Any CPU.Build.0 = Debug|Any CPU
		{7929E806-2ABF-4194-A54F-05938AAB57B6}.Release|Any CPU.ActiveCfg = Release|Any CPU
		{7929E806-2ABF-4194-A54F-05938AAB57B6}.Release|Any CPU.Build.0 = Release|Any CPU
	EndGlobalSection
	GlobalSection(SolutionProperties) = preSolution
		HideSolutionNode = FALSE
	EndGlobalSection
	GlobalSection(ExtensibilityGlobals) = postSolution
		SolutionGuid = {D05ADB71-F119-44CE-ABDB-B70A2609000B}
	EndGlobalSection
EndGlobal
