
Microsoft Visual Studio Solution File, Format Version 12.00
# Visual Studio Version 16
VisualStudioVersion = 16.0.31624.102
MinimumVisualStudioVersion = 10.0.40219.1
Project("{FAE04EC0-301F-11D3-BF4B-00C04F79EFBC}") = "LabTaskWeek2", "LabTaskWeek2\LabTaskWeek2.csproj", "{CD31F789-6ABF-4804-BDE9-897C6B0F9F9E}"
EndProject
Global
	GlobalSection(SolutionConfigurationPlatforms) = preSolution
		Debug|Any CPU = Debug|Any CPU
		Release|Any CPU = Release|Any CPU
	EndGlobalSection
	GlobalSection(ProjectConfigurationPlatforms) = postSolution
		{CD31F789-6ABF-4804-BDE9-897C6B0F9F9E}.Debug|Any CPU.ActiveCfg = Debug|Any CPU
		{CD31F789-6ABF-4804-BDE9-897C6B0F9F9E}.Debug|Any CPU.Build.0 = Debug|Any CPU
		{CD31F789-6ABF-4804-BDE9-897C6B0F9F9E}.Release|Any CPU.ActiveCfg = Release|Any CPU
		{CD31F789-6ABF-4804-BDE9-897C6B0F9F9E}.Release|Any CPU.Build.0 = Release|Any CPU
	EndGlobalSection
	GlobalSection(SolutionProperties) = preSolution
		HideSolutionNode = FALSE
	EndGlobalSection
	GlobalSection(ExtensibilityGlobals) = postSolution
		SolutionGuid = {CB957041-57FC-44D1-8C95-90C8CE647DE2}
	EndGlobalSection
EndGlobal
