
Microsoft Visual Studio Solution File, Format Version 12.00
# Visual Studio Version 16
VisualStudioVersion = 16.0.31727.386
MinimumVisualStudioVersion = 10.0.40219.1
Project("{FAE04EC0-301F-11D3-BF4B-00C04F79EFBC}") = "ConsoleApp1", "ConsoleApp1\ConsoleApp1.csproj", "{2EDC6A9E-365C-4654-BFCF-17F52511FD9A}"
EndProject
Global
	GlobalSection(SolutionConfigurationPlatforms) = preSolution
		Debug|Any CPU = Debug|Any CPU
		Release|Any CPU = Release|Any CPU
	EndGlobalSection
	GlobalSection(ProjectConfigurationPlatforms) = postSolution
		{2EDC6A9E-365C-4654-BFCF-17F52511FD9A}.Debug|Any CPU.ActiveCfg = Debug|Any CPU
		{2EDC6A9E-365C-4654-BFCF-17F52511FD9A}.Debug|Any CPU.Build.0 = Debug|Any CPU
		{2EDC6A9E-365C-4654-BFCF-17F52511FD9A}.Release|Any CPU.ActiveCfg = Release|Any CPU
		{2EDC6A9E-365C-4654-BFCF-17F52511FD9A}.Release|Any CPU.Build.0 = Release|Any CPU
	EndGlobalSection
	GlobalSection(SolutionProperties) = preSolution
		HideSolutionNode = FALSE
	EndGlobalSection
	GlobalSection(ExtensibilityGlobals) = postSolution
		SolutionGuid = {3647E205-861A-482F-845E-16BC11808938}
	EndGlobalSection
EndGlobal
