
Microsoft Visual Studio Solution File, Format Version 12.00
# Visual Studio 15
VisualStudioVersion = 15.0.28307.1927
MinimumVisualStudioVersion = 10.0.40219.1
Project("{FAE04EC0-301F-11D3-BF4B-00C04F79EFBC}") = "MVCDemo2", "MVCDemo2\MVCDemo2.csproj", "{FF552E46-EE83-413E-ADEC-303BF7C1992D}"
EndProject
Global
	GlobalSection(SolutionConfigurationPlatforms) = preSolution
		Debug|Any CPU = Debug|Any CPU
		Release|Any CPU = Release|Any CPU
	EndGlobalSection
	GlobalSection(ProjectConfigurationPlatforms) = postSolution
		{FF552E46-EE83-413E-ADEC-303BF7C1992D}.Debug|Any CPU.ActiveCfg = Debug|Any CPU
		{FF552E46-EE83-413E-ADEC-303BF7C1992D}.Debug|Any CPU.Build.0 = Debug|Any CPU
		{FF552E46-EE83-413E-ADEC-303BF7C1992D}.Release|Any CPU.ActiveCfg = Release|Any CPU
		{FF552E46-EE83-413E-ADEC-303BF7C1992D}.Release|Any CPU.Build.0 = Release|Any CPU
	EndGlobalSection
	GlobalSection(SolutionProperties) = preSolution
		HideSolutionNode = FALSE
	EndGlobalSection
	GlobalSection(ExtensibilityGlobals) = postSolution
		SolutionGuid = {4AF99403-90F7-4868-B3ED-09809A20CD4B}
	EndGlobalSection
EndGlobal
