
Microsoft Visual Studio Solution File, Format Version 12.00
# Visual Studio Version 16
VisualStudioVersion = 16.0.31624.102
MinimumVisualStudioVersion = 10.0.40219.1
Project("{FAE04EC0-301F-11D3-BF4B-00C04F79EFBC}") = "Ten2GValidation", "Ten2GValidation\Ten2GValidation.csproj", "{6301CC75-0D59-40B1-8BA1-044D134F1A43}"
EndProject
Global
	GlobalSection(SolutionConfigurationPlatforms) = preSolution
		Debug|Any CPU = Debug|Any CPU
		Release|Any CPU = Release|Any CPU
	EndGlobalSection
	GlobalSection(ProjectConfigurationPlatforms) = postSolution
		{6301CC75-0D59-40B1-8BA1-044D134F1A43}.Debug|Any CPU.ActiveCfg = Debug|Any CPU
		{6301CC75-0D59-40B1-8BA1-044D134F1A43}.Debug|Any CPU.Build.0 = Debug|Any CPU
		{6301CC75-0D59-40B1-8BA1-044D134F1A43}.Release|Any CPU.ActiveCfg = Release|Any CPU
		{6301CC75-0D59-40B1-8BA1-044D134F1A43}.Release|Any CPU.Build.0 = Release|Any CPU
	EndGlobalSection
	GlobalSection(SolutionProperties) = preSolution
		HideSolutionNode = FALSE
	EndGlobalSection
	GlobalSection(ExtensibilityGlobals) = postSolution
		SolutionGuid = {161C77A4-8C44-4346-8A52-245684ED3A33}
	EndGlobalSection
EndGlobal
